
Microsoft Visual Studio Solution File, Format Version 12.00
# Visual Studio Version 17
VisualStudioVersion = 17.14.36212.18 d17.14
MinimumVisualStudioVersion = 10.0.40219.1
Project("{FAE04EC0-301F-11D3-BF4B-00C04F79EFBC}") = "ScoutTrack.WebAPI", "ScoutTrack.WebAPI\ScoutTrack.WebAPI.csproj", "{988B65B4-8249-4FDD-9755-5220A9D0E39A}"
EndProject
Project("{FAE04EC0-301F-11D3-BF4B-00C04F79EFBC}") = "ScoutTrack.Services", "ScoutTrack.Services\ScoutTrack.Services.csproj", "{8A5478DD-095E-4E2A-A056-868554797362}"
EndProject
Project("{FAE04EC0-301F-11D3-BF4B-00C04F79EFBC}") = "ScoutTrack.Model", "ScoutTrack.Model\ScoutTrack.Model.csproj", "{0795D926-5C53-4E2D-8389-C358916DC4DC}"
EndProject
Global
	GlobalSection(SolutionConfigurationPlatforms) = preSolution
		Debug|Any CPU = Debug|Any CPU
		Release|Any CPU = Release|Any CPU
	EndGlobalSection
	GlobalSection(ProjectConfigurationPlatforms) = postSolution
		{988B65B4-8249-4FDD-9755-5220A9D0E39A}.Debug|Any CPU.ActiveCfg = Debug|Any CPU
		{988B65B4-8249-4FDD-9755-5220A9D0E39A}.Debug|Any CPU.Build.0 = Debug|Any CPU
		{988B65B4-8249-4FDD-9755-5220A9D0E39A}.Release|Any CPU.ActiveCfg = Release|Any CPU
		{988B65B4-8249-4FDD-9755-5220A9D0E39A}.Release|Any CPU.Build.0 = Release|Any CPU
		{8A5478DD-095E-4E2A-A056-868554797362}.Debug|Any CPU.ActiveCfg = Debug|Any CPU
		{8A5478DD-095E-4E2A-A056-868554797362}.Debug|Any CPU.Build.0 = Debug|Any CPU
		{8A5478DD-095E-4E2A-A056-868554797362}.Release|Any CPU.ActiveCfg = Release|Any CPU
		{8A5478DD-095E-4E2A-A056-868554797362}.Release|Any CPU.Build.0 = Release|Any CPU
		{0795D926-5C53-4E2D-8389-C358916DC4DC}.Debug|Any CPU.ActiveCfg = Debug|Any CPU
		{0795D926-5C53-4E2D-8389-C358916DC4DC}.Debug|Any CPU.Build.0 = Debug|Any CPU
		{0795D926-5C53-4E2D-8389-C358916DC4DC}.Release|Any CPU.ActiveCfg = Release|Any CPU
		{0795D926-5C53-4E2D-8389-C358916DC4DC}.Release|Any CPU.Build.0 = Release|Any CPU
	EndGlobalSection
	GlobalSection(SolutionProperties) = preSolution
		HideSolutionNode = FALSE
	EndGlobalSection
	GlobalSection(ExtensibilityGlobals) = postSolution
		SolutionGuid = {4645F871-0879-47D9-905B-C55E2B554B1B}
	EndGlobalSection
EndGlobal
